// !$*UTF8*$!
{
	archiveVersion = 1;
	classes = {
	};
	objectVersion = 56;
	objects = {

/* Begin PBXBuildFile section */
		094F09012B6B863A00F7590D /* JamDemoAppApp.swift in Sources */ = {isa = PBXBuildFile; fileRef = 094F09002B6B863A00F7590D /* JamDemoAppApp.swift */; };
		094F09032B6B863A00F7590D /* ContentView.swift in Sources */ = {isa = PBXBuildFile; fileRef = 094F09022B6B863A00F7590D /* ContentView.swift */; };
		094F09052B6B863D00F7590D /* Assets.xcassets in Resources */ = {isa = PBXBuildFile; fileRef = 094F09042B6B863D00F7590D /* Assets.xcassets */; };
		094F09082B6B863D00F7590D /* Preview Assets.xcassets in Resources */ = {isa = PBXBuildFile; fileRef = 094F09072B6B863D00F7590D /* Preview Assets.xcassets */; };
		094F090F2B6B866B00F7590D /* JamBugBuster.swift in Sources */ = {isa = PBXBuildFile; fileRef = 094F090E2B6B866B00F7590D /* JamBugBuster.swift */; };
		094F09112B6B983700F7590D /* JBBUtility.swift in Sources */ = {isa = PBXBuildFile; fileRef = 094F09102B6B983700F7590D /* JBBUtility.swift */; };
		094F09132B6BA34100F7590D /* JamDeviceLogger.swift in Sources */ = {isa = PBXBuildFile; fileRef = 094F09122B6BA34100F7590D /* JamDeviceLogger.swift */; };
		094F09152B6BBC4400F7590D /* JamLoggerProtocol.swift in Sources */ = {isa = PBXBuildFile; fileRef = 094F09142B6BBC4400F7590D /* JamLoggerProtocol.swift */; };
		09603B592B74C7D80096BD17 /* JBBShareExtension.swift in Sources */ = {isa = PBXBuildFile; fileRef = 09603B582B74C7D80096BD17 /* JBBShareExtension.swift */; };
/* End PBXBuildFile section */

/* Begin PBXFileReference section */
		094F08FD2B6B863A00F7590D /* JamDemoApp.app */ = {isa = PBXFileReference; explicitFileType = wrapper.application; includeInIndex = 0; path = JamDemoApp.app; sourceTree = BUILT_PRODUCTS_DIR; };
		094F09002B6B863A00F7590D /* JamDemoAppApp.swift */ = {isa = PBXFileReference; lastKnownFileType = sourcecode.swift; path = JamDemoAppApp.swift; sourceTree = "<group>"; };
		094F09022B6B863A00F7590D /* ContentView.swift */ = {isa = PBXFileReference; lastKnownFileType = sourcecode.swift; path = ContentView.swift; sourceTree = "<group>"; };
		094F09042B6B863D00F7590D /* Assets.xcassets */ = {isa = PBXFileReference; lastKnownFileType = folder.assetcatalog; path = Assets.xcassets; sourceTree = "<group>"; };
		094F09072B6B863D00F7590D /* Preview Assets.xcassets */ = {isa = PBXFileReference; lastKnownFileType = folder.assetcatalog; path = "Preview Assets.xcassets"; sourceTree = "<group>"; };
		094F090E2B6B866B00F7590D /* JamBugBuster.swift */ = {isa = PBXFileReference; lastKnownFileType = sourcecode.swift; path = JamBugBuster.swift; sourceTree = "<group>"; };
		094F09102B6B983700F7590D /* JBBUtility.swift */ = {isa = PBXFileReference; lastKnownFileType = sourcecode.swift; path = JBBUtility.swift; sourceTree = "<group>"; };
		094F09122B6BA34100F7590D /* JamDeviceLogger.swift */ = {isa = PBXFileReference; lastKnownFileType = sourcecode.swift; path = JamDeviceLogger.swift; sourceTree = "<group>"; };
		094F09142B6BBC4400F7590D /* JamLoggerProtocol.swift */ = {isa = PBXFileReference; lastKnownFileType = sourcecode.swift; path = JamLoggerProtocol.swift; sourceTree = "<group>"; };
		09603B582B74C7D80096BD17 /* JBBShareExtension.swift */ = {isa = PBXFileReference; lastKnownFileType = sourcecode.swift; path = JBBShareExtension.swift; sourceTree = "<group>"; };
/* End PBXFileReference section */

/* Begin PBXFrameworksBuildPhase section */
		094F08FA2B6B863A00F7590D /* Frameworks */ = {
			isa = PBXFrameworksBuildPhase;
			buildActionMask = 2147483647;
			files = (
			);
			runOnlyForDeploymentPostprocessing = 0;
		};
/* End PBXFrameworksBuildPhase section */

/* Begin PBXGroup section */
		094F08F42B6B863A00F7590D = {
			isa = PBXGroup;
			children = (
				094F08FF2B6B863A00F7590D /* JamDemoApp */,
				094F08FE2B6B863A00F7590D /* Products */,
			);
			sourceTree = "<group>";
		};
		094F08FE2B6B863A00F7590D /* Products */ = {
			isa = PBXGroup;
			children = (
				094F08FD2B6B863A00F7590D /* JamDemoApp.app */,
			);
			name = Products;
			sourceTree = "<group>";
		};
		094F08FF2B6B863A00F7590D /* JamDemoApp */ = {
			isa = PBXGroup;
			children = (
				094F09002B6B863A00F7590D /* JamDemoAppApp.swift */,
				094F09022B6B863A00F7590D /* ContentView.swift */,
				09603B572B74C2900096BD17 /* JBB */,
				094F09042B6B863D00F7590D /* Assets.xcassets */,
				094F09062B6B863D00F7590D /* Preview Content */,
			);
			path = JamDemoApp;
			sourceTree = "<group>";
		};
		094F09062B6B863D00F7590D /* Preview Content */ = {
			isa = PBXGroup;
			children = (
				094F09072B6B863D00F7590D /* Preview Assets.xcassets */,
			);
			path = "Preview Content";
			sourceTree = "<group>";
		};
		09603B572B74C2900096BD17 /* JBB */ = {
			isa = PBXGroup;
			children = (
				094F090E2B6B866B00F7590D /* JamBugBuster.swift */,
				094F09122B6BA34100F7590D /* JamDeviceLogger.swift */,
				094F09142B6BBC4400F7590D /* JamLoggerProtocol.swift */,
				094F09102B6B983700F7590D /* JBBUtility.swift */,
				09603B582B74C7D80096BD17 /* JBBShareExtension.swift */,
			);
			path = JBB;
			sourceTree = "<group>";
		};
/* End PBXGroup section */

/* Begin PBXNativeTarget section */
		094F08FC2B6B863A00F7590D /* JamDemoApp */ = {
			isa = PBXNativeTarget;
			buildConfigurationList = 094F090B2B6B863D00F7590D /* Build configuration list for PBXNativeTarget "JamDemoApp" */;
			buildPhases = (
				094F08F92B6B863A00F7590D /* Sources */,
				094F08FA2B6B863A00F7590D /* Frameworks */,
				094F08FB2B6B863A00F7590D /* Resources */,
			);
			buildRules = (
			);
			dependencies = (
			);
			name = JamDemoApp;
			productName = JamDemoApp;
			productReference = 094F08FD2B6B863A00F7590D /* JamDemoApp.app */;
			productType = "com.apple.product-type.application";
		};
/* End PBXNativeTarget section */

/* Begin PBXProject section */
		094F08F52B6B863A00F7590D /* Project object */ = {
			isa = PBXProject;
			attributes = {
				BuildIndependentTargetsInParallel = 1;
				LastSwiftUpdateCheck = 1410;
				LastUpgradeCheck = 1410;
				TargetAttributes = {
					094F08FC2B6B863A00F7590D = {
						CreatedOnToolsVersion = 14.1;
					};
				};
			};
			buildConfigurationList = 094F08F82B6B863A00F7590D /* Build configuration list for PBXProject "JamDemoApp" */;
			compatibilityVersion = "Xcode 14.0";
			developmentRegion = en;
			hasScannedForEncodings = 0;
			knownRegions = (
				en,
				Base,
			);
			mainGroup = 094F08F42B6B863A00F7590D;
			productRefGroup = 094F08FE2B6B863A00F7590D /* Products */;
			projectDirPath = "";
			projectRoot = "";
			targets = (
				094F08FC2B6B863A00F7590D /* JamDemoApp */,
			);
		};
/* End PBXProject section */

/* Begin PBXResourcesBuildPhase section */
		094F08FB2B6B863A00F7590D /* Resources */ = {
			isa = PBXResourcesBuildPhase;
			buildActionMask = 2147483647;
			files = (
				094F09082B6B863D00F7590D /* Preview Assets.xcassets in Resources */,
				094F09052B6B863D00F7590D /* Assets.xcassets in Resources */,
			);
			runOnlyForDeploymentPostprocessing = 0;
		};
/* End PBXResourcesBuildPhase section */

/* Begin PBXSourcesBuildPhase section */
		094F08F92B6B863A00F7590D /* Sources */ = {
			isa = PBXSourcesBuildPhase;
			buildActionMask = 2147483647;
			files = (
				094F09152B6BBC4400F7590D /* JamLoggerProtocol.swift in Sources */,
				094F09032B6B863A00F7590D /* ContentView.swift in Sources */,
				094F09132B6BA34100F7590D /* JamDeviceLogger.swift in Sources */,
				094F09112B6B983700F7590D /* JBBUtility.swift in Sources */,
				09603B592B74C7D80096BD17 /* JBBShareExtension.swift in Sources */,
				094F090F2B6B866B00F7590D /* JamBugBuster.swift in Sources */,
				094F09012B6B863A00F7590D /* JamDemoAppApp.swift in Sources */,
			);
			runOnlyForDeploymentPostprocessing = 0;
		};
/* End PBXSourcesBuildPhase section */

/* Begin XCBuildConfiguration section */
		094F09092B6B863D00F7590D /* Debug */ = {
			isa = XCBuildConfiguration;
			buildSettings = {
				ALWAYS_SEARCH_USER_PATHS = NO;
				CLANG_ANALYZER_NONNULL = YES;
				CLANG_ANALYZER_NUMBER_OBJECT_CONVERSION = YES_AGGRESSIVE;
				CLANG_CXX_LANGUAGE_STANDARD = "gnu++20";
				CLANG_ENABLE_MODULES = YES;
				CLANG_ENABLE_OBJC_ARC = YES;
				CLANG_ENABLE_OBJC_WEAK = YES;
				CLANG_WARN_BLOCK_CAPTURE_AUTORELEASING = YES;
				CLANG_WARN_BOOL_CONVERSION = YES;
				CLANG_WARN_COMMA = YES;
				CLANG_WARN_CONSTANT_CONVERSION = YES;
				CLANG_WARN_DEPRECATED_OBJC_IMPLEMENTATIONS = YES;
				CLANG_WARN_DIRECT_OBJC_ISA_USAGE = YES_ERROR;
				CLANG_WARN_DOCUMENTATION_COMMENTS = YES;
				CLANG_WARN_EMPTY_BODY = YES;
				CLANG_WARN_ENUM_CONVERSION = YES;
				CLANG_WARN_INFINITE_RECURSION = YES;
				CLANG_WARN_INT_CONVERSION = YES;
				CLANG_WARN_NON_LITERAL_NULL_CONVERSION = YES;
				CLANG_WARN_OBJC_IMPLICIT_RETAIN_SELF = YES;
				CLANG_WARN_OBJC_LITERAL_CONVERSION = YES;
				CLANG_WARN_OBJC_ROOT_CLASS = YES_ERROR;
				CLANG_WARN_QUOTED_INCLUDE_IN_FRAMEWORK_HEADER = YES;
				CLANG_WARN_RANGE_LOOP_ANALYSIS = YES;
				CLANG_WARN_STRICT_PROTOTYPES = YES;
				CLANG_WARN_SUSPICIOUS_MOVE = YES;
				CLANG_WARN_UNGUARDED_AVAILABILITY = YES_AGGRESSIVE;
				CLANG_WARN_UNREACHABLE_CODE = YES;
				CLANG_WARN__DUPLICATE_METHOD_MATCH = YES;
				COPY_PHASE_STRIP = NO;
				DEBUG_INFORMATION_FORMAT = dwarf;
				ENABLE_STRICT_OBJC_MSGSEND = YES;
				ENABLE_TESTABILITY = YES;
				GCC_C_LANGUAGE_STANDARD = gnu11;
				GCC_DYNAMIC_NO_PIC = NO;
				GCC_NO_COMMON_BLOCKS = YES;
				GCC_OPTIMIZATION_LEVEL = 0;
				GCC_PREPROCESSOR_DEFINITIONS = (
					"DEBUG=1",
					"$(inherited)",
				);
				GCC_WARN_64_TO_32_BIT_CONVERSION = YES;
				GCC_WARN_ABOUT_RETURN_TYPE = YES_ERROR;
				GCC_WARN_UNDECLARED_SELECTOR = YES;
				GCC_WARN_UNINITIALIZED_AUTOS = YES_AGGRESSIVE;
				GCC_WARN_UNUSED_FUNCTION = YES;
				GCC_WARN_UNUSED_VARIABLE = YES;
				IPHONEOS_DEPLOYMENT_TARGET = 14.0;
				MTL_ENABLE_DEBUG_INFO = INCLUDE_SOURCE;
				MTL_FAST_MATH = YES;
				ONLY_ACTIVE_ARCH = YES;
				SDKROOT = iphoneos;
				SWIFT_ACTIVE_COMPILATION_CONDITIONS = DEBUG;
				SWIFT_OPTIMIZATION_LEVEL = "-Onone";
			};
			name = Debug;
		};
		094F090A2B6B863D00F7590D /* Release */ = {
			isa = XCBuildConfiguration;
			buildSettings = {
				ALWAYS_SEARCH_USER_PATHS = NO;
				CLANG_ANALYZER_NONNULL = YES;
				CLANG_ANALYZER_NUMBER_OBJECT_CONVERSION = YES_AGGRESSIVE;
				CLANG_CXX_LANGUAGE_STANDARD = "gnu++20";
				CLANG_ENABLE_MODULES = YES;
				CLANG_ENABLE_OBJC_ARC = YES;
				CLANG_ENABLE_OBJC_WEAK = YES;
				CLANG_WARN_BLOCK_CAPTURE_AUTORELEASING = YES;
				CLANG_WARN_BOOL_CONVERSION = YES;
				CLANG_WARN_COMMA = YES;
				CLANG_WARN_CONSTANT_CONVERSION = YES;
				CLANG_WARN_DEPRECATED_OBJC_IMPLEMENTATIONS = YES;
				CLANG_WARN_DIRECT_OBJC_ISA_USAGE = YES_ERROR;
				CLANG_WARN_DOCUMENTATION_COMMENTS = YES;
				CLANG_WARN_EMPTY_BODY = YES;
				CLANG_WARN_ENUM_CONVERSION = YES;
				CLANG_WARN_INFINITE_RECURSION = YES;
				CLANG_WARN_INT_CONVERSION = YES;
				CLANG_WARN_NON_LITERAL_NULL_CONVERSION = YES;
				CLANG_WARN_OBJC_IMPLICIT_RETAIN_SELF = YES;
				CLANG_WARN_OBJC_LITERAL_CONVERSION = YES;
				CLANG_WARN_OBJC_ROOT_CLASS = YES_ERROR;
				CLANG_WARN_QUOTED_INCLUDE_IN_FRAMEWORK_HEADER = YES;
				CLANG_WARN_RANGE_LOOP_ANALYSIS = YES;
				CLANG_WARN_STRICT_PROTOTYPES = YES;
				CLANG_WARN_SUSPICIOUS_MOVE = YES;
				CLANG_WARN_UNGUARDED_AVAILABILITY = YES_AGGRESSIVE;
				CLANG_WARN_UNREACHABLE_CODE = YES;
				CLANG_WARN__DUPLICATE_METHOD_MATCH = YES;
				COPY_PHASE_STRIP = NO;
				DEBUG_INFORMATION_FORMAT = "dwarf-with-dsym";
				ENABLE_NS_ASSERTIONS = NO;
				ENABLE_STRICT_OBJC_MSGSEND = YES;
				GCC_C_LANGUAGE_STANDARD = gnu11;
				GCC_NO_COMMON_BLOCKS = YES;
				GCC_WARN_64_TO_32_BIT_CONVERSION = YES;
				GCC_WARN_ABOUT_RETURN_TYPE = YES_ERROR;
				GCC_WARN_UNDECLARED_SELECTOR = YES;
				GCC_WARN_UNINITIALIZED_AUTOS = YES_AGGRESSIVE;
				GCC_WARN_UNUSED_FUNCTION = YES;
				GCC_WARN_UNUSED_VARIABLE = YES;
				IPHONEOS_DEPLOYMENT_TARGET = 14.0;
				MTL_ENABLE_DEBUG_INFO = NO;
				MTL_FAST_MATH = YES;
				SDKROOT = iphoneos;
				SWIFT_COMPILATION_MODE = wholemodule;
				SWIFT_OPTIMIZATION_LEVEL = "-O";
				VALIDATE_PRODUCT = YES;
			};
			name = Release;
		};
		094F090C2B6B863D00F7590D /* Debug */ = {
			isa = XCBuildConfiguration;
			buildSettings = {
				ASSETCATALOG_COMPILER_APPICON_NAME = AppIcon;
				ASSETCATALOG_COMPILER_GLOBAL_ACCENT_COLOR_NAME = AccentColor;
				CODE_SIGN_STYLE = Automatic;
				CURRENT_PROJECT_VERSION = 1;
				DEVELOPMENT_ASSET_PATHS = "\"JamDemoApp/Preview Content\"";
				DEVELOPMENT_TEAM = T5RAD7APKC;
				ENABLE_PREVIEWS = YES;
				GENERATE_INFOPLIST_FILE = YES;
				INFOPLIST_KEY_UIApplicationSceneManifest_Generation = YES;
				INFOPLIST_KEY_UIApplicationSupportsIndirectInputEvents = YES;
				INFOPLIST_KEY_UILaunchScreen_Generation = YES;
				INFOPLIST_KEY_UISupportedInterfaceOrientations = UIInterfaceOrientationPortrait;
				INFOPLIST_KEY_UISupportedInterfaceOrientations_iPad = "UIInterfaceOrientationLandscapeLeft UIInterfaceOrientationLandscapeRight UIInterfaceOrientationPortrait UIInterfaceOrientationPortraitUpsideDown";
				IPHONEOS_DEPLOYMENT_TARGET = 14.0;
				LD_RUNPATH_SEARCH_PATHS = (
					"$(inherited)",
					"@executable_path/Frameworks",
				);
				MARKETING_VERSION = 1.0;
				PRODUCT_BUNDLE_IDENTIFIER = com.purpleApps.JamDemoApp;
				PRODUCT_NAME = "$(TARGET_NAME)";
				SWIFT_EMIT_LOC_STRINGS = YES;
				SWIFT_VERSION = 5.0;
				TARGETED_DEVICE_FAMILY = "1,2";
			};
			name = Debug;
		};
		094F090D2B6B863D00F7590D /* Release */ = {
			isa = XCBuildConfiguration;
			buildSettings = {
				ASSETCATALOG_COMPILER_APPICON_NAME = AppIcon;
				ASSETCATALOG_COMPILER_GLOBAL_ACCENT_COLOR_NAME = AccentColor;
				CODE_SIGN_STYLE = Automatic;
				CURRENT_PROJECT_VERSION = 1;
				DEVELOPMENT_ASSET_PATHS = "\"JamDemoApp/Preview Content\"";
				DEVELOPMENT_TEAM = T5RAD7APKC;
				ENABLE_PREVIEWS = YES;
				GENERATE_INFOPLIST_FILE = YES;
				INFOPLIST_KEY_UIApplicationSceneManifest_Generation = YES;
				INFOPLIST_KEY_UIApplicationSupportsIndirectInputEvents = YES;
				INFOPLIST_KEY_UILaunchScreen_Generation = YES;
				INFOPLIST_KEY_UISupportedInterfaceOrientations = UIInterfaceOrientationPortrait;
				INFOPLIST_KEY_UISupportedInterfaceOrientations_iPad = "UIInterfaceOrientationLandscapeLeft UIInterfaceOrientationLandscapeRight UIInterfaceOrientationPortrait UIInterfaceOrientationPortraitUpsideDown";
				IPHONEOS_DEPLOYMENT_TARGET = 14.0;
				LD_RUNPATH_SEARCH_PATHS = (
					"$(inherited)",
					"@executable_path/Frameworks",
				);
				MARKETING_VERSION = 1.0;
				PRODUCT_BUNDLE_IDENTIFIER = com.purpleApps.JamDemoApp;
				PRODUCT_NAME = "$(TARGET_NAME)";
				SWIFT_EMIT_LOC_STRINGS = YES;
				SWIFT_VERSION = 5.0;
				TARGETED_DEVICE_FAMILY = "1,2";
			};
			name = Release;
		};
/* End XCBuildConfiguration section */

/* Begin XCConfigurationList section */
		094F08F82B6B863A00F7590D /* Build configuration list for PBXProject "JamDemoApp" */ = {
			isa = XCConfigurationList;
			buildConfigurations = (
				094F09092B6B863D00F7590D /* Debug */,
				094F090A2B6B863D00F7590D /* Release */,
			);
			defaultConfigurationIsVisible = 0;
			defaultConfigurationName = Release;
		};
		094F090B2B6B863D00F7590D /* Build configuration list for PBXNativeTarget "JamDemoApp" */ = {
			isa = XCConfigurationList;
			buildConfigurations = (
				094F090C2B6B863D00F7590D /* Debug */,
				094F090D2B6B863D00F7590D /* Release */,
			);
			defaultConfigurationIsVisible = 0;
			defaultConfigurationName = Release;
		};
/* End XCConfigurationList section */
	};
	rootObject = 094F08F52B6B863A00F7590D /* Project object */;
}
